
Microsoft Visual Studio Solution File, Format Version 12.00
# Visual Studio Version 17
VisualStudioVersion = 17.5.33516.290
MinimumVisualStudioVersion = 10.0.40219.1
Project("{FAE04EC0-301F-11D3-BF4B-00C04F79EFBC}") = "3-Tsimbal", "3-Tsimbal\3-Tsimbal.csproj", "{A8E7F7D3-9C8A-4163-8ED9-6EC36D36A54B}"
EndProject
Global
	GlobalSection(SolutionConfigurationPlatforms) = preSolution
		Debug|Any CPU = Debug|Any CPU
		Release|Any CPU = Release|Any CPU
	EndGlobalSection
	GlobalSection(ProjectConfigurationPlatforms) = postSolution
		{A8E7F7D3-9C8A-4163-8ED9-6EC36D36A54B}.Debug|Any CPU.ActiveCfg = Debug|Any CPU
		{A8E7F7D3-9C8A-4163-8ED9-6EC36D36A54B}.Debug|Any CPU.Build.0 = Debug|Any CPU
		{A8E7F7D3-9C8A-4163-8ED9-6EC36D36A54B}.Release|Any CPU.ActiveCfg = Release|Any CPU
		{A8E7F7D3-9C8A-4163-8ED9-6EC36D36A54B}.Release|Any CPU.Build.0 = Release|Any CPU
	EndGlobalSection
	GlobalSection(SolutionProperties) = preSolution
		HideSolutionNode = FALSE
	EndGlobalSection
	GlobalSection(ExtensibilityGlobals) = postSolution
		SolutionGuid = {A7CEDE1A-3D00-44BD-8C20-B6B057ECCAA5}
	EndGlobalSection
EndGlobal
